
Microsoft Visual Studio Solution File, Format Version 12.00
# Visual Studio Version 17
VisualStudioVersion = 17.6.33723.286
MinimumVisualStudioVersion = 10.0.40219.1
Project("{FAE04EC0-301F-11D3-BF4B-00C04F79EFBC}") = "DersModelYapisi", "DersModelYapisi\DersModelYapisi.csproj", "{3CFFAE0E-654B-4633-8297-9E569E1157CC}"
EndProject
Global
	GlobalSection(SolutionConfigurationPlatforms) = preSolution
		Debug|Any CPU = Debug|Any CPU
		Release|Any CPU = Release|Any CPU
	EndGlobalSection
	GlobalSection(ProjectConfigurationPlatforms) = postSolution
		{3CFFAE0E-654B-4633-8297-9E569E1157CC}.Debug|Any CPU.ActiveCfg = Debug|Any CPU
		{3CFFAE0E-654B-4633-8297-9E569E1157CC}.Debug|Any CPU.Build.0 = Debug|Any CPU
		{3CFFAE0E-654B-4633-8297-9E569E1157CC}.Release|Any CPU.ActiveCfg = Release|Any CPU
		{3CFFAE0E-654B-4633-8297-9E569E1157CC}.Release|Any CPU.Build.0 = Release|Any CPU
	EndGlobalSection
	GlobalSection(SolutionProperties) = preSolution
		HideSolutionNode = FALSE
	EndGlobalSection
	GlobalSection(ExtensibilityGlobals) = postSolution
		SolutionGuid = {5107DC70-EC69-47B0-9C24-D8DB29443622}
	EndGlobalSection
EndGlobal
